// !$*UTF8*$!
{
	archiveVersion = 1;
	classes = {
	};
	objectVersion = 56;
	objects = {

/* Begin PBXBuildFile section */
		BD12F72229E1625C00E9BB31 /* WaterBalance.swift in Sources */ = {isa = PBXBuildFile; fileRef = BD12F72129E1625C00E9BB31 /* WaterBalance.swift */; };
		BD12F72429E162C400E9BB31 /* History.swift in Sources */ = {isa = PBXBuildFile; fileRef = BD12F72329E162C400E9BB31 /* History.swift */; };
		BD12F72629E162FC00E9BB31 /* Settings.swift in Sources */ = {isa = PBXBuildFile; fileRef = BD12F72529E162FC00E9BB31 /* Settings.swift */; };
		BD42DE7629E117E90045F527 /* WaterBalanceUIApp.swift in Sources */ = {isa = PBXBuildFile; fileRef = BD42DE7529E117E90045F527 /* WaterBalanceUIApp.swift */; };
		BD42DE7A29E117EA0045F527 /* Assets.xcassets in Resources */ = {isa = PBXBuildFile; fileRef = BD42DE7929E117EA0045F527 /* Assets.xcassets */; };
		BD42DE7D29E117EA0045F527 /* Preview Assets.xcassets in Resources */ = {isa = PBXBuildFile; fileRef = BD42DE7C29E117EA0045F527 /* Preview Assets.xcassets */; };
		BD42DE8429E11CC60045F527 /* TheGoal.swift in Sources */ = {isa = PBXBuildFile; fileRef = BD42DE8329E11CC60045F527 /* TheGoal.swift */; };
		BDCEA06329E12E1B00EB1A48 /* Reminder.swift in Sources */ = {isa = PBXBuildFile; fileRef = BDCEA06229E12E1B00EB1A48 /* Reminder.swift */; };
		BDCEA06529E1341900EB1A48 /* Water.swift in Sources */ = {isa = PBXBuildFile; fileRef = BDCEA06429E1341900EB1A48 /* Water.swift */; };
		BDCEA06729E1424C00EB1A48 /* MainWithTabItem.swift in Sources */ = {isa = PBXBuildFile; fileRef = BDCEA06629E1424C00EB1A48 /* MainWithTabItem.swift */; };
/* End PBXBuildFile section */

/* Begin PBXFileReference section */
		BD12F72129E1625C00E9BB31 /* WaterBalance.swift */ = {isa = PBXFileReference; lastKnownFileType = sourcecode.swift; path = WaterBalance.swift; sourceTree = "<group>"; };
		BD12F72329E162C400E9BB31 /* History.swift */ = {isa = PBXFileReference; lastKnownFileType = sourcecode.swift; path = History.swift; sourceTree = "<group>"; };
		BD12F72529E162FC00E9BB31 /* Settings.swift */ = {isa = PBXFileReference; lastKnownFileType = sourcecode.swift; path = Settings.swift; sourceTree = "<group>"; };
		BD42DE7229E117E90045F527 /* WaterBalanceUI.app */ = {isa = PBXFileReference; explicitFileType = wrapper.application; includeInIndex = 0; path = WaterBalanceUI.app; sourceTree = BUILT_PRODUCTS_DIR; };
		BD42DE7529E117E90045F527 /* WaterBalanceUIApp.swift */ = {isa = PBXFileReference; lastKnownFileType = sourcecode.swift; path = WaterBalanceUIApp.swift; sourceTree = "<group>"; };
		BD42DE7929E117EA0045F527 /* Assets.xcassets */ = {isa = PBXFileReference; lastKnownFileType = folder.assetcatalog; path = Assets.xcassets; sourceTree = "<group>"; };
		BD42DE7C29E117EA0045F527 /* Preview Assets.xcassets */ = {isa = PBXFileReference; lastKnownFileType = folder.assetcatalog; path = "Preview Assets.xcassets"; sourceTree = "<group>"; };
		BD42DE8329E11CC60045F527 /* TheGoal.swift */ = {isa = PBXFileReference; lastKnownFileType = sourcecode.swift; path = TheGoal.swift; sourceTree = "<group>"; };
		BDCEA06229E12E1B00EB1A48 /* Reminder.swift */ = {isa = PBXFileReference; lastKnownFileType = sourcecode.swift; path = Reminder.swift; sourceTree = "<group>"; };
		BDCEA06429E1341900EB1A48 /* Water.swift */ = {isa = PBXFileReference; lastKnownFileType = sourcecode.swift; path = Water.swift; sourceTree = "<group>"; };
		BDCEA06629E1424C00EB1A48 /* MainWithTabItem.swift */ = {isa = PBXFileReference; lastKnownFileType = sourcecode.swift; path = MainWithTabItem.swift; sourceTree = "<group>"; };
/* End PBXFileReference section */

/* Begin PBXFrameworksBuildPhase section */
		BD42DE6F29E117E90045F527 /* Frameworks */ = {
			isa = PBXFrameworksBuildPhase;
			buildActionMask = 2147483647;
			files = (
			);
			runOnlyForDeploymentPostprocessing = 0;
		};
/* End PBXFrameworksBuildPhase section */

/* Begin PBXGroup section */
		BD42DE6929E117E90045F527 = {
			isa = PBXGroup;
			children = (
				BD42DE7429E117E90045F527 /* WaterBalanceUI */,
				BD42DE7329E117E90045F527 /* Products */,
			);
			sourceTree = "<group>";
		};
		BD42DE7329E117E90045F527 /* Products */ = {
			isa = PBXGroup;
			children = (
				BD42DE7229E117E90045F527 /* WaterBalanceUI.app */,
			);
			name = Products;
			sourceTree = "<group>";
		};
		BD42DE7429E117E90045F527 /* WaterBalanceUI */ = {
			isa = PBXGroup;
			children = (
				BD42DE7529E117E90045F527 /* WaterBalanceUIApp.swift */,
				BD42DE8329E11CC60045F527 /* TheGoal.swift */,
				BDCEA06229E12E1B00EB1A48 /* Reminder.swift */,
				BDCEA06429E1341900EB1A48 /* Water.swift */,
				BDCEA06629E1424C00EB1A48 /* MainWithTabItem.swift */,
				BD12F72129E1625C00E9BB31 /* WaterBalance.swift */,
				BD12F72329E162C400E9BB31 /* History.swift */,
				BD12F72529E162FC00E9BB31 /* Settings.swift */,
				BD42DE7929E117EA0045F527 /* Assets.xcassets */,
				BD42DE7B29E117EA0045F527 /* Preview Content */,
			);
			path = WaterBalanceUI;
			sourceTree = "<group>";
		};
		BD42DE7B29E117EA0045F527 /* Preview Content */ = {
			isa = PBXGroup;
			children = (
				BD42DE7C29E117EA0045F527 /* Preview Assets.xcassets */,
			);
			path = "Preview Content";
			sourceTree = "<group>";
		};
/* End PBXGroup section */

/* Begin PBXNativeTarget section */
		BD42DE7129E117E90045F527 /* WaterBalanceUI */ = {
			isa = PBXNativeTarget;
			buildConfigurationList = BD42DE8029E117EA0045F527 /* Build configuration list for PBXNativeTarget "WaterBalanceUI" */;
			buildPhases = (
				BD42DE6E29E117E90045F527 /* Sources */,
				BD42DE6F29E117E90045F527 /* Frameworks */,
				BD42DE7029E117E90045F527 /* Resources */,
			);
			buildRules = (
			);
			dependencies = (
			);
			name = WaterBalanceUI;
			productName = WaterBalanceUI;
			productReference = BD42DE7229E117E90045F527 /* WaterBalanceUI.app */;
			productType = "com.apple.product-type.application";
		};
/* End PBXNativeTarget section */

/* Begin PBXProject section */
		BD42DE6A29E117E90045F527 /* Project object */ = {
			isa = PBXProject;
			attributes = {
				BuildIndependentTargetsInParallel = 1;
				LastSwiftUpdateCheck = 1420;
				LastUpgradeCheck = 1420;
				TargetAttributes = {
					BD42DE7129E117E90045F527 = {
						CreatedOnToolsVersion = 14.2;
					};
				};
			};
			buildConfigurationList = BD42DE6D29E117E90045F527 /* Build configuration list for PBXProject "WaterBalanceUI" */;
			compatibilityVersion = "Xcode 14.0";
			developmentRegion = en;
			hasScannedForEncodings = 0;
			knownRegions = (
				en,
				Base,
			);
			mainGroup = BD42DE6929E117E90045F527;
			productRefGroup = BD42DE7329E117E90045F527 /* Products */;
			projectDirPath = "";
			projectRoot = "";
			targets = (
				BD42DE7129E117E90045F527 /* WaterBalanceUI */,
			);
		};
/* End PBXProject section */

/* Begin PBXResourcesBuildPhase section */
		BD42DE7029E117E90045F527 /* Resources */ = {
			isa = PBXResourcesBuildPhase;
			buildActionMask = 2147483647;
			files = (
				BD42DE7D29E117EA0045F527 /* Preview Assets.xcassets in Resources */,
				BD42DE7A29E117EA0045F527 /* Assets.xcassets in Resources */,
			);
			runOnlyForDeploymentPostprocessing = 0;
		};
/* End PBXResourcesBuildPhase section */

/* Begin PBXSourcesBuildPhase section */
		BD42DE6E29E117E90045F527 /* Sources */ = {
			isa = PBXSourcesBuildPhase;
			buildActionMask = 2147483647;
			files = (
				BD42DE8429E11CC60045F527 /* TheGoal.swift in Sources */,
				BDCEA06529E1341900EB1A48 /* Water.swift in Sources */,
				BD12F72629E162FC00E9BB31 /* Settings.swift in Sources */,
				BD12F72429E162C400E9BB31 /* History.swift in Sources */,
				BD42DE7629E117E90045F527 /* WaterBalanceUIApp.swift in Sources */,
				BDCEA06729E1424C00EB1A48 /* MainWithTabItem.swift in Sources */,
				BD12F72229E1625C00E9BB31 /* WaterBalance.swift in Sources */,
				BDCEA06329E12E1B00EB1A48 /* Reminder.swift in Sources */,
			);
			runOnlyForDeploymentPostprocessing = 0;
		};
/* End PBXSourcesBuildPhase section */

/* Begin XCBuildConfiguration section */
		BD42DE7E29E117EA0045F527 /* Debug */ = {
			isa = XCBuildConfiguration;
			buildSettings = {
				ALWAYS_SEARCH_USER_PATHS = NO;
				CLANG_ANALYZER_NONNULL = YES;
				CLANG_ANALYZER_NUMBER_OBJECT_CONVERSION = YES_AGGRESSIVE;
				CLANG_CXX_LANGUAGE_STANDARD = "gnu++20";
				CLANG_ENABLE_MODULES = YES;
				CLANG_ENABLE_OBJC_ARC = YES;
				CLANG_ENABLE_OBJC_WEAK = YES;
				CLANG_WARN_BLOCK_CAPTURE_AUTORELEASING = YES;
				CLANG_WARN_BOOL_CONVERSION = YES;
				CLANG_WARN_COMMA = YES;
				CLANG_WARN_CONSTANT_CONVERSION = YES;
				CLANG_WARN_DEPRECATED_OBJC_IMPLEMENTATIONS = YES;
				CLANG_WARN_DIRECT_OBJC_ISA_USAGE = YES_ERROR;
				CLANG_WARN_DOCUMENTATION_COMMENTS = YES;
				CLANG_WARN_EMPTY_BODY = YES;
				CLANG_WARN_ENUM_CONVERSION = YES;
				CLANG_WARN_INFINITE_RECURSION = YES;
				CLANG_WARN_INT_CONVERSION = YES;
				CLANG_WARN_NON_LITERAL_NULL_CONVERSION = YES;
				CLANG_WARN_OBJC_IMPLICIT_RETAIN_SELF = YES;
				CLANG_WARN_OBJC_LITERAL_CONVERSION = YES;
				CLANG_WARN_OBJC_ROOT_CLASS = YES_ERROR;
				CLANG_WARN_QUOTED_INCLUDE_IN_FRAMEWORK_HEADER = YES;
				CLANG_WARN_RANGE_LOOP_ANALYSIS = YES;
				CLANG_WARN_STRICT_PROTOTYPES = YES;
				CLANG_WARN_SUSPICIOUS_MOVE = YES;
				CLANG_WARN_UNGUARDED_AVAILABILITY = YES_AGGRESSIVE;
				CLANG_WARN_UNREACHABLE_CODE = YES;
				CLANG_WARN__DUPLICATE_METHOD_MATCH = YES;
				COPY_PHASE_STRIP = NO;
				DEBUG_INFORMATION_FORMAT = dwarf;
				ENABLE_STRICT_OBJC_MSGSEND = YES;
				ENABLE_TESTABILITY = YES;
				GCC_C_LANGUAGE_STANDARD = gnu11;
				GCC_DYNAMIC_NO_PIC = NO;
				GCC_NO_COMMON_BLOCKS = YES;
				GCC_OPTIMIZATION_LEVEL = 0;
				GCC_PREPROCESSOR_DEFINITIONS = (
					"DEBUG=1",
					"$(inherited)",
				);
				GCC_WARN_64_TO_32_BIT_CONVERSION = YES;
				GCC_WARN_ABOUT_RETURN_TYPE = YES_ERROR;
				GCC_WARN_UNDECLARED_SELECTOR = YES;
				GCC_WARN_UNINITIALIZED_AUTOS = YES_AGGRESSIVE;
				GCC_WARN_UNUSED_FUNCTION = YES;
				GCC_WARN_UNUSED_VARIABLE = YES;
				IPHONEOS_DEPLOYMENT_TARGET = 16.2;
				MTL_ENABLE_DEBUG_INFO = INCLUDE_SOURCE;
				MTL_FAST_MATH = YES;
				ONLY_ACTIVE_ARCH = YES;
				SDKROOT = iphoneos;
				SWIFT_ACTIVE_COMPILATION_CONDITIONS = DEBUG;
				SWIFT_OPTIMIZATION_LEVEL = "-Onone";
			};
			name = Debug;
		};
		BD42DE7F29E117EA0045F527 /* Release */ = {
			isa = XCBuildConfiguration;
			buildSettings = {
				ALWAYS_SEARCH_USER_PATHS = NO;
				CLANG_ANALYZER_NONNULL = YES;
				CLANG_ANALYZER_NUMBER_OBJECT_CONVERSION = YES_AGGRESSIVE;
				CLANG_CXX_LANGUAGE_STANDARD = "gnu++20";
				CLANG_ENABLE_MODULES = YES;
				CLANG_ENABLE_OBJC_ARC = YES;
				CLANG_ENABLE_OBJC_WEAK = YES;
				CLANG_WARN_BLOCK_CAPTURE_AUTORELEASING = YES;
				CLANG_WARN_BOOL_CONVERSION = YES;
				CLANG_WARN_COMMA = YES;
				CLANG_WARN_CONSTANT_CONVERSION = YES;
				CLANG_WARN_DEPRECATED_OBJC_IMPLEMENTATIONS = YES;
				CLANG_WARN_DIRECT_OBJC_ISA_USAGE = YES_ERROR;
				CLANG_WARN_DOCUMENTATION_COMMENTS = YES;
				CLANG_WARN_EMPTY_BODY = YES;
				CLANG_WARN_ENUM_CONVERSION = YES;
				CLANG_WARN_INFINITE_RECURSION = YES;
				CLANG_WARN_INT_CONVERSION = YES;
				CLANG_WARN_NON_LITERAL_NULL_CONVERSION = YES;
				CLANG_WARN_OBJC_IMPLICIT_RETAIN_SELF = YES;
				CLANG_WARN_OBJC_LITERAL_CONVERSION = YES;
				CLANG_WARN_OBJC_ROOT_CLASS = YES_ERROR;
				CLANG_WARN_QUOTED_INCLUDE_IN_FRAMEWORK_HEADER = YES;
				CLANG_WARN_RANGE_LOOP_ANALYSIS = YES;
				CLANG_WARN_STRICT_PROTOTYPES = YES;
				CLANG_WARN_SUSPICIOUS_MOVE = YES;
				CLANG_WARN_UNGUARDED_AVAILABILITY = YES_AGGRESSIVE;
				CLANG_WARN_UNREACHABLE_CODE = YES;
				CLANG_WARN__DUPLICATE_METHOD_MATCH = YES;
				COPY_PHASE_STRIP = NO;
				DEBUG_INFORMATION_FORMAT = "dwarf-with-dsym";
				ENABLE_NS_ASSERTIONS = NO;
				ENABLE_STRICT_OBJC_MSGSEND = YES;
				GCC_C_LANGUAGE_STANDARD = gnu11;
				GCC_NO_COMMON_BLOCKS = YES;
				GCC_WARN_64_TO_32_BIT_CONVERSION = YES;
				GCC_WARN_ABOUT_RETURN_TYPE = YES_ERROR;
				GCC_WARN_UNDECLARED_SELECTOR = YES;
				GCC_WARN_UNINITIALIZED_AUTOS = YES_AGGRESSIVE;
				GCC_WARN_UNUSED_FUNCTION = YES;
				GCC_WARN_UNUSED_VARIABLE = YES;
				IPHONEOS_DEPLOYMENT_TARGET = 16.2;
				MTL_ENABLE_DEBUG_INFO = NO;
				MTL_FAST_MATH = YES;
				SDKROOT = iphoneos;
				SWIFT_COMPILATION_MODE = wholemodule;
				SWIFT_OPTIMIZATION_LEVEL = "-O";
				VALIDATE_PRODUCT = YES;
			};
			name = Release;
		};
		BD42DE8129E117EA0045F527 /* Debug */ = {
			isa = XCBuildConfiguration;
			buildSettings = {
				ASSETCATALOG_COMPILER_APPICON_NAME = AppIcon;
				ASSETCATALOG_COMPILER_GLOBAL_ACCENT_COLOR_NAME = AccentColor;
				CODE_SIGN_STYLE = Automatic;
				CURRENT_PROJECT_VERSION = 1;
				DEVELOPMENT_ASSET_PATHS = "\"WaterBalanceUI/Preview Content\"";
				DEVELOPMENT_TEAM = MADC696R32;
				ENABLE_PREVIEWS = YES;
				GENERATE_INFOPLIST_FILE = YES;
				INFOPLIST_KEY_UIApplicationSceneManifest_Generation = YES;
				INFOPLIST_KEY_UIApplicationSupportsIndirectInputEvents = YES;
				INFOPLIST_KEY_UILaunchScreen_Generation = YES;
				INFOPLIST_KEY_UISupportedInterfaceOrientations_iPad = "UIInterfaceOrientationPortrait UIInterfaceOrientationPortraitUpsideDown UIInterfaceOrientationLandscapeLeft UIInterfaceOrientationLandscapeRight";
				INFOPLIST_KEY_UISupportedInterfaceOrientations_iPhone = "UIInterfaceOrientationPortrait UIInterfaceOrientationLandscapeLeft UIInterfaceOrientationLandscapeRight";
				LD_RUNPATH_SEARCH_PATHS = (
					"$(inherited)",
					"@executable_path/Frameworks",
				);
				MARKETING_VERSION = 1.0;
				PRODUCT_BUNDLE_IDENTIFIER = "Akyl-Mukatay.WaterBalanceUI";
				PRODUCT_NAME = "$(TARGET_NAME)";
				SWIFT_EMIT_LOC_STRINGS = YES;
				SWIFT_VERSION = 5.0;
				TARGETED_DEVICE_FAMILY = "1,2";
			};
			name = Debug;
		};
		BD42DE8229E117EA0045F527 /* Release */ = {
			isa = XCBuildConfiguration;
			buildSettings = {
				ASSETCATALOG_COMPILER_APPICON_NAME = AppIcon;
				ASSETCATALOG_COMPILER_GLOBAL_ACCENT_COLOR_NAME = AccentColor;
				CODE_SIGN_STYLE = Automatic;
				CURRENT_PROJECT_VERSION = 1;
				DEVELOPMENT_ASSET_PATHS = "\"WaterBalanceUI/Preview Content\"";
				DEVELOPMENT_TEAM = MADC696R32;
				ENABLE_PREVIEWS = YES;
				GENERATE_INFOPLIST_FILE = YES;
				INFOPLIST_KEY_UIApplicationSceneManifest_Generation = YES;
				INFOPLIST_KEY_UIApplicationSupportsIndirectInputEvents = YES;
				INFOPLIST_KEY_UILaunchScreen_Generation = YES;
				INFOPLIST_KEY_UISupportedInterfaceOrientations_iPad = "UIInterfaceOrientationPortrait UIInterfaceOrientationPortraitUpsideDown UIInterfaceOrientationLandscapeLeft UIInterfaceOrientationLandscapeRight";
				INFOPLIST_KEY_UISupportedInterfaceOrientations_iPhone = "UIInterfaceOrientationPortrait UIInterfaceOrientationLandscapeLeft UIInterfaceOrientationLandscapeRight";
				LD_RUNPATH_SEARCH_PATHS = (
					"$(inherited)",
					"@executable_path/Frameworks",
				);
				MARKETING_VERSION = 1.0;
				PRODUCT_BUNDLE_IDENTIFIER = "Akyl-Mukatay.WaterBalanceUI";
				PRODUCT_NAME = "$(TARGET_NAME)";
				SWIFT_EMIT_LOC_STRINGS = YES;
				SWIFT_VERSION = 5.0;
				TARGETED_DEVICE_FAMILY = "1,2";
			};
			name = Release;
		};
/* End XCBuildConfiguration section */

/* Begin XCConfigurationList section */
		BD42DE6D29E117E90045F527 /* Build configuration list for PBXProject "WaterBalanceUI" */ = {
			isa = XCConfigurationList;
			buildConfigurations = (
				BD42DE7E29E117EA0045F527 /* Debug */,
				BD42DE7F29E117EA0045F527 /* Release */,
			);
			defaultConfigurationIsVisible = 0;
			defaultConfigurationName = Release;
		};
		BD42DE8029E117EA0045F527 /* Build configuration list for PBXNativeTarget "WaterBalanceUI" */ = {
			isa = XCConfigurationList;
			buildConfigurations = (
				BD42DE8129E117EA0045F527 /* Debug */,
				BD42DE8229E117EA0045F527 /* Release */,
			);
			defaultConfigurationIsVisible = 0;
			defaultConfigurationName = Release;
		};
/* End XCConfigurationList section */
	};
	rootObject = BD42DE6A29E117E90045F527 /* Project object */;
}
